// !$*UTF8*$!
{
	archiveVersion = 1;
	classes = {
	};
	objectVersion = 48;
	objects = {

/* Begin PBXBuildFile section */
		4617058C2088C82B00DB491E /* NYDetailTableViewCell.swift in Sources */ = {isa = PBXBuildFile; fileRef = 4617058A2088C82B00DB491E /* NYDetailTableViewCell.swift */; };
		4617058D2088C82B00DB491E /* NYDetailTableViewCell.xib in Resources */ = {isa = PBXBuildFile; fileRef = 4617058B2088C82B00DB491E /* NYDetailTableViewCell.xib */; };
		4657A45E2087A00300562DB3 /* AppDelegate.swift in Sources */ = {isa = PBXBuildFile; fileRef = 4657A45D2087A00300562DB3 /* AppDelegate.swift */; };
		4657A4602087A00300562DB3 /* ViewController.swift in Sources */ = {isa = PBXBuildFile; fileRef = 4657A45F2087A00300562DB3 /* ViewController.swift */; };
		4657A4632087A00300562DB3 /* Main.storyboard in Resources */ = {isa = PBXBuildFile; fileRef = 4657A4612087A00300562DB3 /* Main.storyboard */; };
		4657A4652087A00300562DB3 /* Assets.xcassets in Resources */ = {isa = PBXBuildFile; fileRef = 4657A4642087A00300562DB3 /* Assets.xcassets */; };
		4657A4682087A00300562DB3 /* LaunchScreen.storyboard in Resources */ = {isa = PBXBuildFile; fileRef = 4657A4662087A00300562DB3 /* LaunchScreen.storyboard */; };
		4675236F208853CE00D22787 /* Singleton.swift in Sources */ = {isa = PBXBuildFile; fileRef = 4675236E208853CE00D22787 /* Singleton.swift */; };
		467523722088540200D22787 /* NYTableViewCell.swift in Sources */ = {isa = PBXBuildFile; fileRef = 467523702088540200D22787 /* NYTableViewCell.swift */; };
		467523732088540200D22787 /* NYTableViewCell.xib in Resources */ = {isa = PBXBuildFile; fileRef = 467523712088540200D22787 /* NYTableViewCell.xib */; };
		46752379208896A900D22787 /* NYDetailViewController.swift in Sources */ = {isa = PBXBuildFile; fileRef = 46752378208896A800D22787 /* NYDetailViewController.swift */; };
		E27CA8D352650C0D7E8C3F3F /* Pods_NYTimes.framework in Frameworks */ = {isa = PBXBuildFile; fileRef = 7CC5A0709ECFAF3066041536 /* Pods_NYTimes.framework */; };
/* End PBXBuildFile section */

/* Begin PBXFileReference section */
		4617058A2088C82B00DB491E /* NYDetailTableViewCell.swift */ = {isa = PBXFileReference; lastKnownFileType = sourcecode.swift; path = NYDetailTableViewCell.swift; sourceTree = "<group>"; };
		4617058B2088C82B00DB491E /* NYDetailTableViewCell.xib */ = {isa = PBXFileReference; lastKnownFileType = file.xib; path = NYDetailTableViewCell.xib; sourceTree = "<group>"; };
		4657A45A2087A00300562DB3 /* NYTimes.app */ = {isa = PBXFileReference; explicitFileType = wrapper.application; includeInIndex = 0; path = NYTimes.app; sourceTree = BUILT_PRODUCTS_DIR; };
		4657A45D2087A00300562DB3 /* AppDelegate.swift */ = {isa = PBXFileReference; lastKnownFileType = sourcecode.swift; path = AppDelegate.swift; sourceTree = "<group>"; };
		4657A45F2087A00300562DB3 /* ViewController.swift */ = {isa = PBXFileReference; lastKnownFileType = sourcecode.swift; path = ViewController.swift; sourceTree = "<group>"; };
		4657A4622087A00300562DB3 /* Base */ = {isa = PBXFileReference; lastKnownFileType = file.storyboard; name = Base; path = Base.lproj/Main.storyboard; sourceTree = "<group>"; };
		4657A4642087A00300562DB3 /* Assets.xcassets */ = {isa = PBXFileReference; lastKnownFileType = folder.assetcatalog; path = Assets.xcassets; sourceTree = "<group>"; };
		4657A4672087A00300562DB3 /* Base */ = {isa = PBXFileReference; lastKnownFileType = file.storyboard; name = Base; path = Base.lproj/LaunchScreen.storyboard; sourceTree = "<group>"; };
		4657A4692087A00300562DB3 /* Info.plist */ = {isa = PBXFileReference; lastKnownFileType = text.plist.xml; path = Info.plist; sourceTree = "<group>"; };
		4675236E208853CE00D22787 /* Singleton.swift */ = {isa = PBXFileReference; lastKnownFileType = sourcecode.swift; path = Singleton.swift; sourceTree = "<group>"; };
		467523702088540200D22787 /* NYTableViewCell.swift */ = {isa = PBXFileReference; lastKnownFileType = sourcecode.swift; path = NYTableViewCell.swift; sourceTree = "<group>"; };
		467523712088540200D22787 /* NYTableViewCell.xib */ = {isa = PBXFileReference; lastKnownFileType = file.xib; path = NYTableViewCell.xib; sourceTree = "<group>"; };
		46752378208896A800D22787 /* NYDetailViewController.swift */ = {isa = PBXFileReference; lastKnownFileType = sourcecode.swift; path = NYDetailViewController.swift; sourceTree = "<group>"; };
		750C1F5B7F1C766EF4DEBB61 /* Pods-NYTimes.debug.xcconfig */ = {isa = PBXFileReference; includeInIndex = 1; lastKnownFileType = text.xcconfig; name = "Pods-NYTimes.debug.xcconfig"; path = "Pods/Target Support Files/Pods-NYTimes/Pods-NYTimes.debug.xcconfig"; sourceTree = "<group>"; };
		7CC5A0709ECFAF3066041536 /* Pods_NYTimes.framework */ = {isa = PBXFileReference; explicitFileType = wrapper.framework; includeInIndex = 0; path = Pods_NYTimes.framework; sourceTree = BUILT_PRODUCTS_DIR; };
		879885140F3B8C4CF47BC0CB /* Pods-NYTimes.release.xcconfig */ = {isa = PBXFileReference; includeInIndex = 1; lastKnownFileType = text.xcconfig; name = "Pods-NYTimes.release.xcconfig"; path = "Pods/Target Support Files/Pods-NYTimes/Pods-NYTimes.release.xcconfig"; sourceTree = "<group>"; };
/* End PBXFileReference section */

/* Begin PBXFrameworksBuildPhase section */
		4657A4572087A00300562DB3 /* Frameworks */ = {
			isa = PBXFrameworksBuildPhase;
			buildActionMask = 2147483647;
			files = (
				E27CA8D352650C0D7E8C3F3F /* Pods_NYTimes.framework in Frameworks */,
			);
			runOnlyForDeploymentPostprocessing = 0;
		};
/* End PBXFrameworksBuildPhase section */

/* Begin PBXGroup section */
		17BDACC75616655073152072 /* Pods */ = {
			isa = PBXGroup;
			children = (
				750C1F5B7F1C766EF4DEBB61 /* Pods-NYTimes.debug.xcconfig */,
				879885140F3B8C4CF47BC0CB /* Pods-NYTimes.release.xcconfig */,
			);
			name = Pods;
			sourceTree = "<group>";
		};
		4657A4512087A00300562DB3 = {
			isa = PBXGroup;
			children = (
				4657A45C2087A00300562DB3 /* NYTimes */,
				4657A45B2087A00300562DB3 /* Products */,
				17BDACC75616655073152072 /* Pods */,
				69FE471C52D7C0B930AB6B82 /* Frameworks */,
			);
			sourceTree = "<group>";
		};
		4657A45B2087A00300562DB3 /* Products */ = {
			isa = PBXGroup;
			children = (
				4657A45A2087A00300562DB3 /* NYTimes.app */,
			);
			name = Products;
			sourceTree = "<group>";
		};
		4657A45C2087A00300562DB3 /* NYTimes */ = {
			isa = PBXGroup;
			children = (
				46752377208891D700D22787 /* Services */,
				467523742088916100D22787 /* Modal */,
				467523752088916900D22787 /* View */,
				467523762088917B00D22787 /* Controller */,
				4657A45D2087A00300562DB3 /* AppDelegate.swift */,
				4657A4642087A00300562DB3 /* Assets.xcassets */,
				4657A4662087A00300562DB3 /* LaunchScreen.storyboard */,
				4657A4692087A00300562DB3 /* Info.plist */,
			);
			path = NYTimes;
			sourceTree = "<group>";
		};
		467523742088916100D22787 /* Modal */ = {
			isa = PBXGroup;
			children = (
				4617058A2088C82B00DB491E /* NYDetailTableViewCell.swift */,
				467523702088540200D22787 /* NYTableViewCell.swift */,
			);
			path = Modal;
			sourceTree = "<group>";
		};
		467523752088916900D22787 /* View */ = {
			isa = PBXGroup;
			children = (
				467523712088540200D22787 /* NYTableViewCell.xib */,
				4657A4612087A00300562DB3 /* Main.storyboard */,
				4617058B2088C82B00DB491E /* NYDetailTableViewCell.xib */,
			);
			path = View;
			sourceTree = "<group>";
		};
		467523762088917B00D22787 /* Controller */ = {
			isa = PBXGroup;
			children = (
				4657A45F2087A00300562DB3 /* ViewController.swift */,
				46752378208896A800D22787 /* NYDetailViewController.swift */,
			);
			path = Controller;
			sourceTree = "<group>";
		};
		46752377208891D700D22787 /* Services */ = {
			isa = PBXGroup;
			children = (
				4675236E208853CE00D22787 /* Singleton.swift */,
			);
			path = Services;
			sourceTree = "<group>";
		};
		69FE471C52D7C0B930AB6B82 /* Frameworks */ = {
			isa = PBXGroup;
			children = (
				7CC5A0709ECFAF3066041536 /* Pods_NYTimes.framework */,
			);
			name = Frameworks;
			sourceTree = "<group>";
		};
/* End PBXGroup section */

/* Begin PBXNativeTarget section */
		4657A4592087A00300562DB3 /* NYTimes */ = {
			isa = PBXNativeTarget;
			buildConfigurationList = 4657A46C2087A00300562DB3 /* Build configuration list for PBXNativeTarget "NYTimes" */;
			buildPhases = (
				681C84F2FDDEECDD55EB6686 /* [CP] Check Pods Manifest.lock */,
				4657A4562087A00300562DB3 /* Sources */,
				4657A4572087A00300562DB3 /* Frameworks */,
				4657A4582087A00300562DB3 /* Resources */,
				BA64A68BF2CF15C2859092B3 /* [CP] Embed Pods Frameworks */,
			);
			buildRules = (
			);
			dependencies = (
			);
			name = NYTimes;
			productName = NYTimes;
			productReference = 4657A45A2087A00300562DB3 /* NYTimes.app */;
			productType = "com.apple.product-type.application";
		};
/* End PBXNativeTarget section */

/* Begin PBXProject section */
		4657A4522087A00300562DB3 /* Project object */ = {
			isa = PBXProject;
			attributes = {
				LastSwiftUpdateCheck = 0900;
				LastUpgradeCheck = 0900;
				ORGANIZATIONNAME = "mac admin";
				TargetAttributes = {
					4657A4592087A00300562DB3 = {
						CreatedOnToolsVersion = 9.0;
						ProvisioningStyle = Automatic;
					};
				};
			};
			buildConfigurationList = 4657A4552087A00300562DB3 /* Build configuration list for PBXProject "NYTimes" */;
			compatibilityVersion = "Xcode 8.0";
			developmentRegion = en;
			hasScannedForEncodings = 0;
			knownRegions = (
				en,
				Base,
			);
			mainGroup = 4657A4512087A00300562DB3;
			productRefGroup = 4657A45B2087A00300562DB3 /* Products */;
			projectDirPath = "";
			projectRoot = "";
			targets = (
				4657A4592087A00300562DB3 /* NYTimes */,
			);
		};
/* End PBXProject section */

/* Begin PBXResourcesBuildPhase section */
		4657A4582087A00300562DB3 /* Resources */ = {
			isa = PBXResourcesBuildPhase;
			buildActionMask = 2147483647;
			files = (
				4657A4682087A00300562DB3 /* LaunchScreen.storyboard in Resources */,
				4657A4652087A00300562DB3 /* Assets.xcassets in Resources */,
				467523732088540200D22787 /* NYTableViewCell.xib in Resources */,
				4657A4632087A00300562DB3 /* Main.storyboard in Resources */,
				4617058D2088C82B00DB491E /* NYDetailTableViewCell.xib in Resources */,
			);
			runOnlyForDeploymentPostprocessing = 0;
		};
/* End PBXResourcesBuildPhase section */

/* Begin PBXShellScriptBuildPhase section */
		681C84F2FDDEECDD55EB6686 /* [CP] Check Pods Manifest.lock */ = {
			isa = PBXShellScriptBuildPhase;
			buildActionMask = 2147483647;
			files = (
			);
			inputPaths = (
				"${PODS_PODFILE_DIR_PATH}/Podfile.lock",
				"${PODS_ROOT}/Manifest.lock",
			);
			name = "[CP] Check Pods Manifest.lock";
			outputPaths = (
				"$(DERIVED_FILE_DIR)/Pods-NYTimes-checkManifestLockResult.txt",
			);
			runOnlyForDeploymentPostprocessing = 0;
			shellPath = /bin/sh;
			shellScript = "diff \"${PODS_PODFILE_DIR_PATH}/Podfile.lock\" \"${PODS_ROOT}/Manifest.lock\" > /dev/null\nif [ $? != 0 ] ; then\n    # print error to STDERR\n    echo \"error: The sandbox is not in sync with the Podfile.lock. Run 'pod install' or update your CocoaPods installation.\" >&2\n    exit 1\nfi\n# This output is used by Xcode 'outputs' to avoid re-running this script phase.\necho \"SUCCESS\" > \"${SCRIPT_OUTPUT_FILE_0}\"\n";
			showEnvVarsInLog = 0;
		};
		BA64A68BF2CF15C2859092B3 /* [CP] Embed Pods Frameworks */ = {
			isa = PBXShellScriptBuildPhase;
			buildActionMask = 2147483647;
			files = (
			);
			inputPaths = (
				"${SRCROOT}/Pods/Target Support Files/Pods-NYTimes/Pods-NYTimes-frameworks.sh",
				"${BUILT_PRODUCTS_DIR}/Alamofire/Alamofire.framework",
				"${BUILT_PRODUCTS_DIR}/Toaster/Toaster.framework",
			);
			name = "[CP] Embed Pods Frameworks";
			outputPaths = (
				"${TARGET_BUILD_DIR}/${FRAMEWORKS_FOLDER_PATH}/Alamofire.framework",
				"${TARGET_BUILD_DIR}/${FRAMEWORKS_FOLDER_PATH}/Toaster.framework",
			);
			runOnlyForDeploymentPostprocessing = 0;
			shellPath = /bin/sh;
			shellScript = "\"${SRCROOT}/Pods/Target Support Files/Pods-NYTimes/Pods-NYTimes-frameworks.sh\"\n";
			showEnvVarsInLog = 0;
		};
/* End PBXShellScriptBuildPhase section */

/* Begin PBXSourcesBuildPhase section */
		4657A4562087A00300562DB3 /* Sources */ = {
			isa = PBXSourcesBuildPhase;
			buildActionMask = 2147483647;
			files = (
				4657A4602087A00300562DB3 /* ViewController.swift in Sources */,
				4617058C2088C82B00DB491E /* NYDetailTableViewCell.swift in Sources */,
				4675236F208853CE00D22787 /* Singleton.swift in Sources */,
				46752379208896A900D22787 /* NYDetailViewController.swift in Sources */,
				467523722088540200D22787 /* NYTableViewCell.swift in Sources */,
				4657A45E2087A00300562DB3 /* AppDelegate.swift in Sources */,
			);
			runOnlyForDeploymentPostprocessing = 0;
		};
/* End PBXSourcesBuildPhase section */

/* Begin PBXVariantGroup section */
		4657A4612087A00300562DB3 /* Main.storyboard */ = {
			isa = PBXVariantGroup;
			children = (
				4657A4622087A00300562DB3 /* Base */,
			);
			name = Main.storyboard;
			sourceTree = "<group>";
		};
		4657A4662087A00300562DB3 /* LaunchScreen.storyboard */ = {
			isa = PBXVariantGroup;
			children = (
				4657A4672087A00300562DB3 /* Base */,
			);
			name = LaunchScreen.storyboard;
			sourceTree = "<group>";
		};
/* End PBXVariantGroup section */

/* Begin XCBuildConfiguration section */
		4657A46A2087A00300562DB3 /* Debug */ = {
			isa = XCBuildConfiguration;
			buildSettings = {
				ALWAYS_SEARCH_USER_PATHS = NO;
				CLANG_ANALYZER_NONNULL = YES;
				CLANG_ANALYZER_NUMBER_OBJECT_CONVERSION = YES_AGGRESSIVE;
				CLANG_CXX_LANGUAGE_STANDARD = "gnu++14";
				CLANG_CXX_LIBRARY = "libc++";
				CLANG_ENABLE_MODULES = YES;
				CLANG_ENABLE_OBJC_ARC = YES;
				CLANG_WARN_BLOCK_CAPTURE_AUTORELEASING = YES;
				CLANG_WARN_BOOL_CONVERSION = YES;
				CLANG_WARN_COMMA = YES;
				CLANG_WARN_CONSTANT_CONVERSION = YES;
				CLANG_WARN_DIRECT_OBJC_ISA_USAGE = YES_ERROR;
				CLANG_WARN_DOCUMENTATION_COMMENTS = YES;
				CLANG_WARN_EMPTY_BODY = YES;
				CLANG_WARN_ENUM_CONVERSION = YES;
				CLANG_WARN_INFINITE_RECURSION = YES;
				CLANG_WARN_INT_CONVERSION = YES;
				CLANG_WARN_NON_LITERAL_NULL_CONVERSION = YES;
				CLANG_WARN_OBJC_LITERAL_CONVERSION = YES;
				CLANG_WARN_OBJC_ROOT_CLASS = YES_ERROR;
				CLANG_WARN_RANGE_LOOP_ANALYSIS = YES;
				CLANG_WARN_STRICT_PROTOTYPES = YES;
				CLANG_WARN_SUSPICIOUS_MOVE = YES;
				CLANG_WARN_UNGUARDED_AVAILABILITY = YES_AGGRESSIVE;
				CLANG_WARN_UNREACHABLE_CODE = YES;
				CLANG_WARN__DUPLICATE_METHOD_MATCH = YES;
				CODE_SIGN_IDENTITY = "iPhone Developer";
				COPY_PHASE_STRIP = NO;
				DEBUG_INFORMATION_FORMAT = dwarf;
				ENABLE_STRICT_OBJC_MSGSEND = YES;
				ENABLE_TESTABILITY = YES;
				GCC_C_LANGUAGE_STANDARD = gnu11;
				GCC_DYNAMIC_NO_PIC = NO;
				GCC_NO_COMMON_BLOCKS = YES;
				GCC_OPTIMIZATION_LEVEL = 0;
				GCC_PREPROCESSOR_DEFINITIONS = (
					"DEBUG=1",
					"$(inherited)",
				);
				GCC_WARN_64_TO_32_BIT_CONVERSION = YES;
				GCC_WARN_ABOUT_RETURN_TYPE = YES_ERROR;
				GCC_WARN_UNDECLARED_SELECTOR = YES;
				GCC_WARN_UNINITIALIZED_AUTOS = YES_AGGRESSIVE;
				GCC_WARN_UNUSED_FUNCTION = YES;
				GCC_WARN_UNUSED_VARIABLE = YES;
				IPHONEOS_DEPLOYMENT_TARGET = 11.0;
				MTL_ENABLE_DEBUG_INFO = YES;
				ONLY_ACTIVE_ARCH = YES;
				SDKROOT = iphoneos;
				SWIFT_ACTIVE_COMPILATION_CONDITIONS = DEBUG;
				SWIFT_OPTIMIZATION_LEVEL = "-Onone";
			};
			name = Debug;
		};
		4657A46B2087A00300562DB3 /* Release */ = {
			isa = XCBuildConfiguration;
			buildSettings = {
				ALWAYS_SEARCH_USER_PATHS = NO;
				CLANG_ANALYZER_NONNULL = YES;
				CLANG_ANALYZER_NUMBER_OBJECT_CONVERSION = YES_AGGRESSIVE;
				CLANG_CXX_LANGUAGE_STANDARD = "gnu++14";
				CLANG_CXX_LIBRARY = "libc++";
				CLANG_ENABLE_MODULES = YES;
				CLANG_ENABLE_OBJC_ARC = YES;
				CLANG_WARN_BLOCK_CAPTURE_AUTORELEASING = YES;
				CLANG_WARN_BOOL_CONVERSION = YES;
				CLANG_WARN_COMMA = YES;
				CLANG_WARN_CONSTANT_CONVERSION = YES;
				CLANG_WARN_DIRECT_OBJC_ISA_USAGE = YES_ERROR;
				CLANG_WARN_DOCUMENTATION_COMMENTS = YES;
				CLANG_WARN_EMPTY_BODY = YES;
				CLANG_WARN_ENUM_CONVERSION = YES;
				CLANG_WARN_INFINITE_RECURSION = YES;
				CLANG_WARN_INT_CONVERSION = YES;
				CLANG_WARN_NON_LITERAL_NULL_CONVERSION = YES;
				CLANG_WARN_OBJC_LITERAL_CONVERSION = YES;
				CLANG_WARN_OBJC_ROOT_CLASS = YES_ERROR;
				CLANG_WARN_RANGE_LOOP_ANALYSIS = YES;
				CLANG_WARN_STRICT_PROTOTYPES = YES;
				CLANG_WARN_SUSPICIOUS_MOVE = YES;
				CLANG_WARN_UNGUARDED_AVAILABILITY = YES_AGGRESSIVE;
				CLANG_WARN_UNREACHABLE_CODE = YES;
				CLANG_WARN__DUPLICATE_METHOD_MATCH = YES;
				CODE_SIGN_IDENTITY = "iPhone Developer";
				COPY_PHASE_STRIP = NO;
				DEBUG_INFORMATION_FORMAT = "dwarf-with-dsym";
				ENABLE_NS_ASSERTIONS = NO;
				ENABLE_STRICT_OBJC_MSGSEND = YES;
				GCC_C_LANGUAGE_STANDARD = gnu11;
				GCC_NO_COMMON_BLOCKS = YES;
				GCC_WARN_64_TO_32_BIT_CONVERSION = YES;
				GCC_WARN_ABOUT_RETURN_TYPE = YES_ERROR;
				GCC_WARN_UNDECLARED_SELECTOR = YES;
				GCC_WARN_UNINITIALIZED_AUTOS = YES_AGGRESSIVE;
				GCC_WARN_UNUSED_FUNCTION = YES;
				GCC_WARN_UNUSED_VARIABLE = YES;
				IPHONEOS_DEPLOYMENT_TARGET = 11.0;
				MTL_ENABLE_DEBUG_INFO = NO;
				SDKROOT = iphoneos;
				SWIFT_OPTIMIZATION_LEVEL = "-Owholemodule";
				VALIDATE_PRODUCT = YES;
			};
			name = Release;
		};
		4657A46D2087A00300562DB3 /* Debug */ = {
			isa = XCBuildConfiguration;
			baseConfigurationReference = 750C1F5B7F1C766EF4DEBB61 /* Pods-NYTimes.debug.xcconfig */;
			buildSettings = {
				ASSETCATALOG_COMPILER_APPICON_NAME = AppIcon;
				CODE_SIGN_STYLE = Automatic;
				DEVELOPMENT_TEAM = UR28AU29H3;
				INFOPLIST_FILE = NYTimes/Info.plist;
				LD_RUNPATH_SEARCH_PATHS = "$(inherited) @executable_path/Frameworks";
				PRODUCT_BUNDLE_IDENTIFIER = NYTimes.NYTimes;
				PRODUCT_NAME = "$(TARGET_NAME)";
				SWIFT_VERSION = 4.0;
				TARGETED_DEVICE_FAMILY = "1,2";
			};
			name = Debug;
		};
		4657A46E2087A00300562DB3 /* Release */ = {
			isa = XCBuildConfiguration;
			baseConfigurationReference = 879885140F3B8C4CF47BC0CB /* Pods-NYTimes.release.xcconfig */;
			buildSettings = {
				ASSETCATALOG_COMPILER_APPICON_NAME = AppIcon;
				CODE_SIGN_STYLE = Automatic;
				DEVELOPMENT_TEAM = UR28AU29H3;
				INFOPLIST_FILE = NYTimes/Info.plist;
				LD_RUNPATH_SEARCH_PATHS = "$(inherited) @executable_path/Frameworks";
				PRODUCT_BUNDLE_IDENTIFIER = NYTimes.NYTimes;
				PRODUCT_NAME = "$(TARGET_NAME)";
				SWIFT_VERSION = 4.0;
				TARGETED_DEVICE_FAMILY = "1,2";
			};
			name = Release;
		};
/* End XCBuildConfiguration section */

/* Begin XCConfigurationList section */
		4657A4552087A00300562DB3 /* Build configuration list for PBXProject "NYTimes" */ = {
			isa = XCConfigurationList;
			buildConfigurations = (
				4657A46A2087A00300562DB3 /* Debug */,
				4657A46B2087A00300562DB3 /* Release */,
			);
			defaultConfigurationIsVisible = 0;
			defaultConfigurationName = Release;
		};
		4657A46C2087A00300562DB3 /* Build configuration list for PBXNativeTarget "NYTimes" */ = {
			isa = XCConfigurationList;
			buildConfigurations = (
				4657A46D2087A00300562DB3 /* Debug */,
				4657A46E2087A00300562DB3 /* Release */,
			);
			defaultConfigurationIsVisible = 0;
			defaultConfigurationName = Release;
		};
/* End XCConfigurationList section */
	};
	rootObject = 4657A4522087A00300562DB3 /* Project object */;
}
